
Microsoft Visual Studio Solution File, Format Version 12.00
# Visual Studio Version 17
VisualStudioVersion = 17.0.31903.59
MinimumVisualStudioVersion = 10.0.40219.1
Project("{FAE04EC0-301F-11D3-BF4B-00C04F79EFBC}") = "TwoNumberSum", "TwoNumberSum\TwoNumberSum.csproj", "{5BD4D213-6569-4C84-917C-68DAA898FF72}"
EndProject
Project("{FAE04EC0-301F-11D3-BF4B-00C04F79EFBC}") = "Tests", "Tests\Tests.csproj", "{8BF842B2-3338-43E6-87E8-744D4959B008}"
EndProject
Project("{FAE04EC0-301F-11D3-BF4B-00C04F79EFBC}") = "ValidateSubsequence", "ValidateSubsequence\ValidateSubsequence.csproj", "{3F45A7A2-B107-4273-9344-693CA2193782}"
EndProject
Project("{FAE04EC0-301F-11D3-BF4B-00C04F79EFBC}") = "SortedSquaredArray", "SortedSquaredArray\SortedSquaredArray.csproj", "{307FFCEA-BD1E-46D6-BC3D-1B5FE8540157}"
EndProject
Global
	GlobalSection(SolutionConfigurationPlatforms) = preSolution
		Debug|Any CPU = Debug|Any CPU
		Release|Any CPU = Release|Any CPU
	EndGlobalSection
	GlobalSection(SolutionProperties) = preSolution
		HideSolutionNode = FALSE
	EndGlobalSection
	GlobalSection(ProjectConfigurationPlatforms) = postSolution
		{5BD4D213-6569-4C84-917C-68DAA898FF72}.Debug|Any CPU.ActiveCfg = Debug|Any CPU
		{5BD4D213-6569-4C84-917C-68DAA898FF72}.Debug|Any CPU.Build.0 = Debug|Any CPU
		{5BD4D213-6569-4C84-917C-68DAA898FF72}.Release|Any CPU.ActiveCfg = Release|Any CPU
		{5BD4D213-6569-4C84-917C-68DAA898FF72}.Release|Any CPU.Build.0 = Release|Any CPU
		{8BF842B2-3338-43E6-87E8-744D4959B008}.Debug|Any CPU.ActiveCfg = Debug|Any CPU
		{8BF842B2-3338-43E6-87E8-744D4959B008}.Debug|Any CPU.Build.0 = Debug|Any CPU
		{8BF842B2-3338-43E6-87E8-744D4959B008}.Release|Any CPU.ActiveCfg = Release|Any CPU
		{8BF842B2-3338-43E6-87E8-744D4959B008}.Release|Any CPU.Build.0 = Release|Any CPU
		{3F45A7A2-B107-4273-9344-693CA2193782}.Debug|Any CPU.ActiveCfg = Debug|Any CPU
		{3F45A7A2-B107-4273-9344-693CA2193782}.Debug|Any CPU.Build.0 = Debug|Any CPU
		{3F45A7A2-B107-4273-9344-693CA2193782}.Release|Any CPU.ActiveCfg = Release|Any CPU
		{3F45A7A2-B107-4273-9344-693CA2193782}.Release|Any CPU.Build.0 = Release|Any CPU
		{307FFCEA-BD1E-46D6-BC3D-1B5FE8540157}.Debug|Any CPU.ActiveCfg = Debug|Any CPU
		{307FFCEA-BD1E-46D6-BC3D-1B5FE8540157}.Debug|Any CPU.Build.0 = Debug|Any CPU
		{307FFCEA-BD1E-46D6-BC3D-1B5FE8540157}.Release|Any CPU.ActiveCfg = Release|Any CPU
		{307FFCEA-BD1E-46D6-BC3D-1B5FE8540157}.Release|Any CPU.Build.0 = Release|Any CPU
	EndGlobalSection
EndGlobal
